
Microsoft Visual Studio Solution File, Format Version 12.00
# Visual Studio Version 16
VisualStudioVersion = 16.0.28803.452
MinimumVisualStudioVersion = 10.0.40219.1
Project("{FAE04EC0-301F-11D3-BF4B-00C04F79EFBC}") = "WindowsFormsApp", "WindowsFormsApp\WindowsFormsApp.csproj", "{EBD62B75-BA48-4835-85DC-2BABB8C1AC04}"
EndProject
Project("{FAE04EC0-301F-11D3-BF4B-00C04F79EFBC}") = "ClassLibrary", "ClassLibrary\ClassLibrary.csproj", "{CAF047FC-C829-4F62-B844-F4E7E04A19BB}"
EndProject
Project("{FAE04EC0-301F-11D3-BF4B-00C04F79EFBC}") = "WPFApp", "WPFApp\WPFApp.csproj", "{DCC46241-4F22-40C9-AD3A-607F340B79B2}"
EndProject
Global
	GlobalSection(SolutionConfigurationPlatforms) = preSolution
		Debug|Any CPU = Debug|Any CPU
		Release|Any CPU = Release|Any CPU
	EndGlobalSection
	GlobalSection(ProjectConfigurationPlatforms) = postSolution
		{EBD62B75-BA48-4835-85DC-2BABB8C1AC04}.Debug|Any CPU.ActiveCfg = Debug|Any CPU
		{EBD62B75-BA48-4835-85DC-2BABB8C1AC04}.Debug|Any CPU.Build.0 = Debug|Any CPU
		{EBD62B75-BA48-4835-85DC-2BABB8C1AC04}.Release|Any CPU.ActiveCfg = Release|Any CPU
		{EBD62B75-BA48-4835-85DC-2BABB8C1AC04}.Release|Any CPU.Build.0 = Release|Any CPU
		{CAF047FC-C829-4F62-B844-F4E7E04A19BB}.Debug|Any CPU.ActiveCfg = Debug|Any CPU
		{CAF047FC-C829-4F62-B844-F4E7E04A19BB}.Debug|Any CPU.Build.0 = Debug|Any CPU
		{CAF047FC-C829-4F62-B844-F4E7E04A19BB}.Release|Any CPU.ActiveCfg = Release|Any CPU
		{CAF047FC-C829-4F62-B844-F4E7E04A19BB}.Release|Any CPU.Build.0 = Release|Any CPU
		{DCC46241-4F22-40C9-AD3A-607F340B79B2}.Debug|Any CPU.ActiveCfg = Debug|Any CPU
		{DCC46241-4F22-40C9-AD3A-607F340B79B2}.Debug|Any CPU.Build.0 = Debug|Any CPU
		{DCC46241-4F22-40C9-AD3A-607F340B79B2}.Release|Any CPU.ActiveCfg = Release|Any CPU
		{DCC46241-4F22-40C9-AD3A-607F340B79B2}.Release|Any CPU.Build.0 = Release|Any CPU
	EndGlobalSection
	GlobalSection(SolutionProperties) = preSolution
		HideSolutionNode = FALSE
	EndGlobalSection
	GlobalSection(ExtensibilityGlobals) = postSolution
		SolutionGuid = {88208EE6-1795-41FC-8E6A-C8C19BA640BB}
	EndGlobalSection
EndGlobal
